version = 1
revision = 1
requires-python = ">=3.11"

[[package]]
name = "beautifulsoup4"
version = "4.12.3"
source = { registry = "https://pypi.org/simple" }

[[package]]
name = "packaging"
version = "24.2"
source = { registry = "https://pypi.org/simple" }

[[package]]
name = "requests"
version = "2.32.3"
source = { registry = "https://pypi.org/simple" }
